
Microsoft Visual Studio Solution File, Format Version 12.00
# Visual Studio Version 17
VisualStudioVersion = 17.9.34607.119
MinimumVisualStudioVersion = 10.0.40219.1
Project("{FAE04EC0-301F-11D3-BF4B-00C04F79EFBC}") = "SZGYA13C_Kajak-Kenu", "SZGYA13C_Kajak-Kenu\SZGYA13C_Kajak-Kenu.csproj", "{F5CE481B-3046-4400-AFD7-11181E936467}"
EndProject
Project("{FAE04EC0-301F-11D3-BF4B-00C04F79EFBC}") = "Kajak-Kenu_Console", "Kajak-Kenu_Console\Kajak-Kenu_Console.csproj", "{099DED16-FA9E-41B0-8363-5C5FBD3B3684}"
EndProject
Global
	GlobalSection(SolutionConfigurationPlatforms) = preSolution
		Debug|Any CPU = Debug|Any CPU
		Release|Any CPU = Release|Any CPU
	EndGlobalSection
	GlobalSection(ProjectConfigurationPlatforms) = postSolution
		{F5CE481B-3046-4400-AFD7-11181E936467}.Debug|Any CPU.ActiveCfg = Debug|Any CPU
		{F5CE481B-3046-4400-AFD7-11181E936467}.Debug|Any CPU.Build.0 = Debug|Any CPU
		{F5CE481B-3046-4400-AFD7-11181E936467}.Release|Any CPU.ActiveCfg = Release|Any CPU
		{F5CE481B-3046-4400-AFD7-11181E936467}.Release|Any CPU.Build.0 = Release|Any CPU
		{099DED16-FA9E-41B0-8363-5C5FBD3B3684}.Debug|Any CPU.ActiveCfg = Debug|Any CPU
		{099DED16-FA9E-41B0-8363-5C5FBD3B3684}.Debug|Any CPU.Build.0 = Debug|Any CPU
		{099DED16-FA9E-41B0-8363-5C5FBD3B3684}.Release|Any CPU.ActiveCfg = Release|Any CPU
		{099DED16-FA9E-41B0-8363-5C5FBD3B3684}.Release|Any CPU.Build.0 = Release|Any CPU
	EndGlobalSection
	GlobalSection(SolutionProperties) = preSolution
		HideSolutionNode = FALSE
	EndGlobalSection
	GlobalSection(ExtensibilityGlobals) = postSolution
		SolutionGuid = {3893900A-5814-40F8-8D89-10E4B5F183B6}
	EndGlobalSection
EndGlobal
